{
  "originHash" : "c03d554fdc3e6fbece50b9f95eed34bfea50431f815991d3f6e76f11426b6a3a",
  "pins" : [
    {
      "identity" : "swiftformat",
      "kind" : "remoteSourceControl",
      "location" : "https://github.com/nicklockwood/SwiftFormat",
      "state" : {
        "revision" : "05cb325003a673b3d177c711b3bc909cfee07622",
        "version" : "0.53.9"
      }
    }
  ],
  "version" : 3
}
